
Microsoft Visual Studio Solution File, Format Version 12.00
# Visual Studio Version 17
VisualStudioVersion = 17.0.31903.59
MinimumVisualStudioVersion = 10.0.40219.1
Project("{FAE04EC0-301F-11D3-BF4B-00C04F79EFBC}") = "Aula18ExercicioDeFixacao", "Aula18ExercicioDeFixacao\Aula18ExercicioDeFixacao.csproj", "{D0ACADD1-0BCA-49CC-AD06-39166B208339}"
EndProject
Global
	GlobalSection(SolutionConfigurationPlatforms) = preSolution
		Debug|Any CPU = Debug|Any CPU
		Release|Any CPU = Release|Any CPU
	EndGlobalSection
	GlobalSection(ProjectConfigurationPlatforms) = postSolution
		{D0ACADD1-0BCA-49CC-AD06-39166B208339}.Debug|Any CPU.ActiveCfg = Debug|Any CPU
		{D0ACADD1-0BCA-49CC-AD06-39166B208339}.Debug|Any CPU.Build.0 = Debug|Any CPU
		{D0ACADD1-0BCA-49CC-AD06-39166B208339}.Release|Any CPU.ActiveCfg = Release|Any CPU
		{D0ACADD1-0BCA-49CC-AD06-39166B208339}.Release|Any CPU.Build.0 = Release|Any CPU
	EndGlobalSection
	GlobalSection(SolutionProperties) = preSolution
		HideSolutionNode = FALSE
	EndGlobalSection
	GlobalSection(ExtensibilityGlobals) = postSolution
		SolutionGuid = {2A9FA3E9-4E97-4A86-8527-875F088D5882}
	EndGlobalSection
EndGlobal
