
Microsoft Visual Studio Solution File, Format Version 12.00
# Visual Studio Version 16
VisualStudioVersion = 16.0.31911.196
MinimumVisualStudioVersion = 10.0.40219.1
Project("{FAE04EC0-301F-11D3-BF4B-00C04F79EFBC}") = "Aula134ClassesAbstratas", "Aula134ClassesAbstratas\Aula134ClassesAbstratas.csproj", "{A3AACB18-C6D3-4688-B465-DEB620D13567}"
EndProject
Global
	GlobalSection(SolutionConfigurationPlatforms) = preSolution
		Debug|Any CPU = Debug|Any CPU
		Release|Any CPU = Release|Any CPU
	EndGlobalSection
	GlobalSection(ProjectConfigurationPlatforms) = postSolution
		{A3AACB18-C6D3-4688-B465-DEB620D13567}.Debug|Any CPU.ActiveCfg = Debug|Any CPU
		{A3AACB18-C6D3-4688-B465-DEB620D13567}.Debug|Any CPU.Build.0 = Debug|Any CPU
		{A3AACB18-C6D3-4688-B465-DEB620D13567}.Release|Any CPU.ActiveCfg = Release|Any CPU
		{A3AACB18-C6D3-4688-B465-DEB620D13567}.Release|Any CPU.Build.0 = Release|Any CPU
	EndGlobalSection
	GlobalSection(SolutionProperties) = preSolution
		HideSolutionNode = FALSE
	EndGlobalSection
	GlobalSection(ExtensibilityGlobals) = postSolution
		SolutionGuid = {FFEA07AE-49EE-41DE-BDEF-3263561D33CC}
	EndGlobalSection
EndGlobal
