
Microsoft Visual Studio Solution File, Format Version 12.00
# Visual Studio Version 17
VisualStudioVersion = 17.0.31912.275
MinimumVisualStudioVersion = 10.0.40219.1
Project("{FAE04EC0-301F-11D3-BF4B-00C04F79EFBC}") = "Aula34EstruturaDeRepeticaoFor", "Aula34EstruturaDeRepeticaoFor\Aula34EstruturaDeRepeticaoFor.csproj", "{11151180-6E19-4FC6-8F61-A4BD3F5E011C}"
EndProject
Global
	GlobalSection(SolutionConfigurationPlatforms) = preSolution
		Debug|Any CPU = Debug|Any CPU
		Release|Any CPU = Release|Any CPU
	EndGlobalSection
	GlobalSection(ProjectConfigurationPlatforms) = postSolution
		{11151180-6E19-4FC6-8F61-A4BD3F5E011C}.Debug|Any CPU.ActiveCfg = Debug|Any CPU
		{11151180-6E19-4FC6-8F61-A4BD3F5E011C}.Debug|Any CPU.Build.0 = Debug|Any CPU
		{11151180-6E19-4FC6-8F61-A4BD3F5E011C}.Release|Any CPU.ActiveCfg = Release|Any CPU
		{11151180-6E19-4FC6-8F61-A4BD3F5E011C}.Release|Any CPU.Build.0 = Release|Any CPU
	EndGlobalSection
	GlobalSection(SolutionProperties) = preSolution
		HideSolutionNode = FALSE
	EndGlobalSection
	GlobalSection(ExtensibilityGlobals) = postSolution
		SolutionGuid = {16193DC5-DAF8-4DD2-AE25-8587E03E480A}
	EndGlobalSection
EndGlobal
